// !$*UTF8*$!
{
	archiveVersion = 1;
	classes = {
	};
	objectVersion = 56;
	objects = {

/* Begin PBXBuildFile section */
		D8E3AFD32A9309FD00717539 /* AppDelegate.swift in Sources */ = {isa = PBXBuildFile; fileRef = D8E3AFD22A9309FD00717539 /* AppDelegate.swift */; };
		D8E3AFD52A9309FD00717539 /* SceneDelegate.swift in Sources */ = {isa = PBXBuildFile; fileRef = D8E3AFD42A9309FD00717539 /* SceneDelegate.swift */; };
		D8E3AFD72A9309FD00717539 /* ViewController.swift in Sources */ = {isa = PBXBuildFile; fileRef = D8E3AFD62A9309FD00717539 /* ViewController.swift */; };
		D8E3AFDA2A9309FD00717539 /* Main.storyboard in Resources */ = {isa = PBXBuildFile; fileRef = D8E3AFD82A9309FD00717539 /* Main.storyboard */; };
		D8E3AFDC2A9309FD00717539 /* Assets.xcassets in Resources */ = {isa = PBXBuildFile; fileRef = D8E3AFDB2A9309FD00717539 /* Assets.xcassets */; };
		D8E3AFDF2A9309FD00717539 /* LaunchScreen.storyboard in Resources */ = {isa = PBXBuildFile; fileRef = D8E3AFDD2A9309FD00717539 /* LaunchScreen.storyboard */; };
		D8E3AFEC2A94460D00717539 /* SnapKit in Frameworks */ = {isa = PBXBuildFile; productRef = D8E3AFEB2A94460D00717539 /* SnapKit */; };
		D8E3AFEF2A94468100717539 /* SnapViewController.swift in Sources */ = {isa = PBXBuildFile; fileRef = D8E3AFEE2A94468100717539 /* SnapViewController.swift */; };
		D8E3AFF12A945CA800717539 /* TextViewController.swift in Sources */ = {isa = PBXBuildFile; fileRef = D8E3AFF02A945CA800717539 /* TextViewController.swift */; };
		D8E3AFF32A94792E00717539 /* LocationViewController.swift in Sources */ = {isa = PBXBuildFile; fileRef = D8E3AFF22A94792E00717539 /* LocationViewController.swift */; };
		D8E3AFF52A94986800717539 /* AutoLayoutEx1ViewController.swift in Sources */ = {isa = PBXBuildFile; fileRef = D8E3AFF42A94986800717539 /* AutoLayoutEx1ViewController.swift */; };
		D8E3AFF82A94A09700717539 /* AutoLayoutEx2ViewController.swift in Sources */ = {isa = PBXBuildFile; fileRef = D8E3AFF72A94A09700717539 /* AutoLayoutEx2ViewController.swift */; };
/* End PBXBuildFile section */

/* Begin PBXFileReference section */
		D8E3AFCF2A9309FD00717539 /* SeSAC_Week6.app */ = {isa = PBXFileReference; explicitFileType = wrapper.application; includeInIndex = 0; path = SeSAC_Week6.app; sourceTree = BUILT_PRODUCTS_DIR; };
		D8E3AFD22A9309FD00717539 /* AppDelegate.swift */ = {isa = PBXFileReference; lastKnownFileType = sourcecode.swift; path = AppDelegate.swift; sourceTree = "<group>"; };
		D8E3AFD42A9309FD00717539 /* SceneDelegate.swift */ = {isa = PBXFileReference; lastKnownFileType = sourcecode.swift; path = SceneDelegate.swift; sourceTree = "<group>"; };
		D8E3AFD62A9309FD00717539 /* ViewController.swift */ = {isa = PBXFileReference; lastKnownFileType = sourcecode.swift; path = ViewController.swift; sourceTree = "<group>"; };
		D8E3AFD92A9309FD00717539 /* Base */ = {isa = PBXFileReference; lastKnownFileType = file.storyboard; name = Base; path = Base.lproj/Main.storyboard; sourceTree = "<group>"; };
		D8E3AFDB2A9309FD00717539 /* Assets.xcassets */ = {isa = PBXFileReference; lastKnownFileType = folder.assetcatalog; path = Assets.xcassets; sourceTree = "<group>"; };
		D8E3AFDE2A9309FD00717539 /* Base */ = {isa = PBXFileReference; lastKnownFileType = file.storyboard; name = Base; path = Base.lproj/LaunchScreen.storyboard; sourceTree = "<group>"; };
		D8E3AFE02A9309FD00717539 /* Info.plist */ = {isa = PBXFileReference; lastKnownFileType = text.plist.xml; path = Info.plist; sourceTree = "<group>"; };
		D8E3AFEE2A94468100717539 /* SnapViewController.swift */ = {isa = PBXFileReference; lastKnownFileType = sourcecode.swift; path = SnapViewController.swift; sourceTree = "<group>"; };
		D8E3AFF02A945CA800717539 /* TextViewController.swift */ = {isa = PBXFileReference; lastKnownFileType = sourcecode.swift; path = TextViewController.swift; sourceTree = "<group>"; };
		D8E3AFF22A94792E00717539 /* LocationViewController.swift */ = {isa = PBXFileReference; lastKnownFileType = sourcecode.swift; name = LocationViewController.swift; path = Test/LocationViewController.swift; sourceTree = "<group>"; };
		D8E3AFF42A94986800717539 /* AutoLayoutEx1ViewController.swift */ = {isa = PBXFileReference; lastKnownFileType = sourcecode.swift; path = AutoLayoutEx1ViewController.swift; sourceTree = "<group>"; };
		D8E3AFF72A94A09700717539 /* AutoLayoutEx2ViewController.swift */ = {isa = PBXFileReference; lastKnownFileType = sourcecode.swift; path = AutoLayoutEx2ViewController.swift; sourceTree = "<group>"; };
/* End PBXFileReference section */

/* Begin PBXFrameworksBuildPhase section */
		D8E3AFCC2A9309FD00717539 /* Frameworks */ = {
			isa = PBXFrameworksBuildPhase;
			buildActionMask = 2147483647;
			files = (
				D8E3AFEC2A94460D00717539 /* SnapKit in Frameworks */,
			);
			runOnlyForDeploymentPostprocessing = 0;
		};
/* End PBXFrameworksBuildPhase section */

/* Begin PBXGroup section */
		D8E3AFC62A9309FD00717539 = {
			isa = PBXGroup;
			children = (
				D8E3AFD12A9309FD00717539 /* SeSAC_Week6 */,
				D8E3AFD02A9309FD00717539 /* Products */,
			);
			sourceTree = "<group>";
		};
		D8E3AFD02A9309FD00717539 /* Products */ = {
			isa = PBXGroup;
			children = (
				D8E3AFCF2A9309FD00717539 /* SeSAC_Week6.app */,
			);
			name = Products;
			sourceTree = "<group>";
		};
		D8E3AFD12A9309FD00717539 /* SeSAC_Week6 */ = {
			isa = PBXGroup;
			children = (
				D8E3AFF62A94986D00717539 /* AutoLayout */,
				D8E3AFF22A94792E00717539 /* LocationViewController.swift */,
				D8E3AFED2A94464B00717539 /* Test */,
				D8E3AFD22A9309FD00717539 /* AppDelegate.swift */,
				D8E3AFD42A9309FD00717539 /* SceneDelegate.swift */,
				D8E3AFD62A9309FD00717539 /* ViewController.swift */,
				D8E3AFD82A9309FD00717539 /* Main.storyboard */,
				D8E3AFDB2A9309FD00717539 /* Assets.xcassets */,
				D8E3AFDD2A9309FD00717539 /* LaunchScreen.storyboard */,
				D8E3AFE02A9309FD00717539 /* Info.plist */,
			);
			path = SeSAC_Week6;
			sourceTree = "<group>";
		};
		D8E3AFED2A94464B00717539 /* Test */ = {
			isa = PBXGroup;
			children = (
				D8E3AFEE2A94468100717539 /* SnapViewController.swift */,
				D8E3AFF02A945CA800717539 /* TextViewController.swift */,
			);
			path = Test;
			sourceTree = "<group>";
		};
		D8E3AFF62A94986D00717539 /* AutoLayout */ = {
			isa = PBXGroup;
			children = (
				D8E3AFF42A94986800717539 /* AutoLayoutEx1ViewController.swift */,
				D8E3AFF72A94A09700717539 /* AutoLayoutEx2ViewController.swift */,
			);
			path = AutoLayout;
			sourceTree = "<group>";
		};
/* End PBXGroup section */

/* Begin PBXNativeTarget section */
		D8E3AFCE2A9309FD00717539 /* SeSAC_Week6 */ = {
			isa = PBXNativeTarget;
			buildConfigurationList = D8E3AFE32A9309FD00717539 /* Build configuration list for PBXNativeTarget "SeSAC_Week6" */;
			buildPhases = (
				D8E3AFCB2A9309FD00717539 /* Sources */,
				D8E3AFCC2A9309FD00717539 /* Frameworks */,
				D8E3AFCD2A9309FD00717539 /* Resources */,
			);
			buildRules = (
			);
			dependencies = (
			);
			name = SeSAC_Week6;
			packageProductDependencies = (
				D8E3AFEB2A94460D00717539 /* SnapKit */,
			);
			productName = SeSAC_Week6;
			productReference = D8E3AFCF2A9309FD00717539 /* SeSAC_Week6.app */;
			productType = "com.apple.product-type.application";
		};
/* End PBXNativeTarget section */

/* Begin PBXProject section */
		D8E3AFC72A9309FD00717539 /* Project object */ = {
			isa = PBXProject;
			attributes = {
				BuildIndependentTargetsInParallel = 1;
				LastSwiftUpdateCheck = 1430;
				LastUpgradeCheck = 1430;
				TargetAttributes = {
					D8E3AFCE2A9309FD00717539 = {
						CreatedOnToolsVersion = 14.3.1;
					};
				};
			};
			buildConfigurationList = D8E3AFCA2A9309FD00717539 /* Build configuration list for PBXProject "SeSAC_Week6" */;
			compatibilityVersion = "Xcode 14.0";
			developmentRegion = en;
			hasScannedForEncodings = 0;
			knownRegions = (
				en,
				Base,
			);
			mainGroup = D8E3AFC62A9309FD00717539;
			packageReferences = (
				D8E3AFEA2A94460D00717539 /* XCRemoteSwiftPackageReference "SnapKit" */,
			);
			productRefGroup = D8E3AFD02A9309FD00717539 /* Products */;
			projectDirPath = "";
			projectRoot = "";
			targets = (
				D8E3AFCE2A9309FD00717539 /* SeSAC_Week6 */,
			);
		};
/* End PBXProject section */

/* Begin PBXResourcesBuildPhase section */
		D8E3AFCD2A9309FD00717539 /* Resources */ = {
			isa = PBXResourcesBuildPhase;
			buildActionMask = 2147483647;
			files = (
				D8E3AFDF2A9309FD00717539 /* LaunchScreen.storyboard in Resources */,
				D8E3AFDC2A9309FD00717539 /* Assets.xcassets in Resources */,
				D8E3AFDA2A9309FD00717539 /* Main.storyboard in Resources */,
			);
			runOnlyForDeploymentPostprocessing = 0;
		};
/* End PBXResourcesBuildPhase section */

/* Begin PBXSourcesBuildPhase section */
		D8E3AFCB2A9309FD00717539 /* Sources */ = {
			isa = PBXSourcesBuildPhase;
			buildActionMask = 2147483647;
			files = (
				D8E3AFF12A945CA800717539 /* TextViewController.swift in Sources */,
				D8E3AFEF2A94468100717539 /* SnapViewController.swift in Sources */,
				D8E3AFD72A9309FD00717539 /* ViewController.swift in Sources */,
				D8E3AFF82A94A09700717539 /* AutoLayoutEx2ViewController.swift in Sources */,
				D8E3AFF32A94792E00717539 /* LocationViewController.swift in Sources */,
				D8E3AFD32A9309FD00717539 /* AppDelegate.swift in Sources */,
				D8E3AFD52A9309FD00717539 /* SceneDelegate.swift in Sources */,
				D8E3AFF52A94986800717539 /* AutoLayoutEx1ViewController.swift in Sources */,
			);
			runOnlyForDeploymentPostprocessing = 0;
		};
/* End PBXSourcesBuildPhase section */

/* Begin PBXVariantGroup section */
		D8E3AFD82A9309FD00717539 /* Main.storyboard */ = {
			isa = PBXVariantGroup;
			children = (
				D8E3AFD92A9309FD00717539 /* Base */,
			);
			name = Main.storyboard;
			sourceTree = "<group>";
		};
		D8E3AFDD2A9309FD00717539 /* LaunchScreen.storyboard */ = {
			isa = PBXVariantGroup;
			children = (
				D8E3AFDE2A9309FD00717539 /* Base */,
			);
			name = LaunchScreen.storyboard;
			sourceTree = "<group>";
		};
/* End PBXVariantGroup section */

/* Begin XCBuildConfiguration section */
		D8E3AFE12A9309FD00717539 /* Debug */ = {
			isa = XCBuildConfiguration;
			buildSettings = {
				ALWAYS_SEARCH_USER_PATHS = NO;
				CLANG_ANALYZER_NONNULL = YES;
				CLANG_ANALYZER_NUMBER_OBJECT_CONVERSION = YES_AGGRESSIVE;
				CLANG_CXX_LANGUAGE_STANDARD = "gnu++20";
				CLANG_ENABLE_MODULES = YES;
				CLANG_ENABLE_OBJC_ARC = YES;
				CLANG_ENABLE_OBJC_WEAK = YES;
				CLANG_WARN_BLOCK_CAPTURE_AUTORELEASING = YES;
				CLANG_WARN_BOOL_CONVERSION = YES;
				CLANG_WARN_COMMA = YES;
				CLANG_WARN_CONSTANT_CONVERSION = YES;
				CLANG_WARN_DEPRECATED_OBJC_IMPLEMENTATIONS = YES;
				CLANG_WARN_DIRECT_OBJC_ISA_USAGE = YES_ERROR;
				CLANG_WARN_DOCUMENTATION_COMMENTS = YES;
				CLANG_WARN_EMPTY_BODY = YES;
				CLANG_WARN_ENUM_CONVERSION = YES;
				CLANG_WARN_INFINITE_RECURSION = YES;
				CLANG_WARN_INT_CONVERSION = YES;
				CLANG_WARN_NON_LITERAL_NULL_CONVERSION = YES;
				CLANG_WARN_OBJC_IMPLICIT_RETAIN_SELF = YES;
				CLANG_WARN_OBJC_LITERAL_CONVERSION = YES;
				CLANG_WARN_OBJC_ROOT_CLASS = YES_ERROR;
				CLANG_WARN_QUOTED_INCLUDE_IN_FRAMEWORK_HEADER = YES;
				CLANG_WARN_RANGE_LOOP_ANALYSIS = YES;
				CLANG_WARN_STRICT_PROTOTYPES = YES;
				CLANG_WARN_SUSPICIOUS_MOVE = YES;
				CLANG_WARN_UNGUARDED_AVAILABILITY = YES_AGGRESSIVE;
				CLANG_WARN_UNREACHABLE_CODE = YES;
				CLANG_WARN__DUPLICATE_METHOD_MATCH = YES;
				COPY_PHASE_STRIP = NO;
				DEBUG_INFORMATION_FORMAT = dwarf;
				ENABLE_STRICT_OBJC_MSGSEND = YES;
				ENABLE_TESTABILITY = YES;
				GCC_C_LANGUAGE_STANDARD = gnu11;
				GCC_DYNAMIC_NO_PIC = NO;
				GCC_NO_COMMON_BLOCKS = YES;
				GCC_OPTIMIZATION_LEVEL = 0;
				GCC_PREPROCESSOR_DEFINITIONS = (
					"DEBUG=1",
					"$(inherited)",
				);
				GCC_WARN_64_TO_32_BIT_CONVERSION = YES;
				GCC_WARN_ABOUT_RETURN_TYPE = YES_ERROR;
				GCC_WARN_UNDECLARED_SELECTOR = YES;
				GCC_WARN_UNINITIALIZED_AUTOS = YES_AGGRESSIVE;
				GCC_WARN_UNUSED_FUNCTION = YES;
				GCC_WARN_UNUSED_VARIABLE = YES;
				IPHONEOS_DEPLOYMENT_TARGET = 16.4;
				MTL_ENABLE_DEBUG_INFO = INCLUDE_SOURCE;
				MTL_FAST_MATH = YES;
				ONLY_ACTIVE_ARCH = YES;
				SDKROOT = iphoneos;
				SWIFT_ACTIVE_COMPILATION_CONDITIONS = DEBUG;
				SWIFT_OPTIMIZATION_LEVEL = "-Onone";
			};
			name = Debug;
		};
		D8E3AFE22A9309FD00717539 /* Release */ = {
			isa = XCBuildConfiguration;
			buildSettings = {
				ALWAYS_SEARCH_USER_PATHS = NO;
				CLANG_ANALYZER_NONNULL = YES;
				CLANG_ANALYZER_NUMBER_OBJECT_CONVERSION = YES_AGGRESSIVE;
				CLANG_CXX_LANGUAGE_STANDARD = "gnu++20";
				CLANG_ENABLE_MODULES = YES;
				CLANG_ENABLE_OBJC_ARC = YES;
				CLANG_ENABLE_OBJC_WEAK = YES;
				CLANG_WARN_BLOCK_CAPTURE_AUTORELEASING = YES;
				CLANG_WARN_BOOL_CONVERSION = YES;
				CLANG_WARN_COMMA = YES;
				CLANG_WARN_CONSTANT_CONVERSION = YES;
				CLANG_WARN_DEPRECATED_OBJC_IMPLEMENTATIONS = YES;
				CLANG_WARN_DIRECT_OBJC_ISA_USAGE = YES_ERROR;
				CLANG_WARN_DOCUMENTATION_COMMENTS = YES;
				CLANG_WARN_EMPTY_BODY = YES;
				CLANG_WARN_ENUM_CONVERSION = YES;
				CLANG_WARN_INFINITE_RECURSION = YES;
				CLANG_WARN_INT_CONVERSION = YES;
				CLANG_WARN_NON_LITERAL_NULL_CONVERSION = YES;
				CLANG_WARN_OBJC_IMPLICIT_RETAIN_SELF = YES;
				CLANG_WARN_OBJC_LITERAL_CONVERSION = YES;
				CLANG_WARN_OBJC_ROOT_CLASS = YES_ERROR;
				CLANG_WARN_QUOTED_INCLUDE_IN_FRAMEWORK_HEADER = YES;
				CLANG_WARN_RANGE_LOOP_ANALYSIS = YES;
				CLANG_WARN_STRICT_PROTOTYPES = YES;
				CLANG_WARN_SUSPICIOUS_MOVE = YES;
				CLANG_WARN_UNGUARDED_AVAILABILITY = YES_AGGRESSIVE;
				CLANG_WARN_UNREACHABLE_CODE = YES;
				CLANG_WARN__DUPLICATE_METHOD_MATCH = YES;
				COPY_PHASE_STRIP = NO;
				DEBUG_INFORMATION_FORMAT = "dwarf-with-dsym";
				ENABLE_NS_ASSERTIONS = NO;
				ENABLE_STRICT_OBJC_MSGSEND = YES;
				GCC_C_LANGUAGE_STANDARD = gnu11;
				GCC_NO_COMMON_BLOCKS = YES;
				GCC_WARN_64_TO_32_BIT_CONVERSION = YES;
				GCC_WARN_ABOUT_RETURN_TYPE = YES_ERROR;
				GCC_WARN_UNDECLARED_SELECTOR = YES;
				GCC_WARN_UNINITIALIZED_AUTOS = YES_AGGRESSIVE;
				GCC_WARN_UNUSED_FUNCTION = YES;
				GCC_WARN_UNUSED_VARIABLE = YES;
				IPHONEOS_DEPLOYMENT_TARGET = 16.4;
				MTL_ENABLE_DEBUG_INFO = NO;
				MTL_FAST_MATH = YES;
				SDKROOT = iphoneos;
				SWIFT_COMPILATION_MODE = wholemodule;
				SWIFT_OPTIMIZATION_LEVEL = "-O";
				VALIDATE_PRODUCT = YES;
			};
			name = Release;
		};
		D8E3AFE42A9309FD00717539 /* Debug */ = {
			isa = XCBuildConfiguration;
			buildSettings = {
				ASSETCATALOG_COMPILER_APPICON_NAME = AppIcon;
				ASSETCATALOG_COMPILER_GLOBAL_ACCENT_COLOR_NAME = AccentColor;
				CODE_SIGN_STYLE = Automatic;
				CURRENT_PROJECT_VERSION = 1;
				DEVELOPMENT_TEAM = AM9D6522QR;
				GENERATE_INFOPLIST_FILE = YES;
				INFOPLIST_FILE = SeSAC_Week6/Info.plist;
				INFOPLIST_KEY_UIApplicationSupportsIndirectInputEvents = YES;
				INFOPLIST_KEY_UILaunchStoryboardName = LaunchScreen;
				INFOPLIST_KEY_UIMainStoryboardFile = Main;
				INFOPLIST_KEY_UISupportedInterfaceOrientations_iPad = "UIInterfaceOrientationPortrait UIInterfaceOrientationPortraitUpsideDown UIInterfaceOrientationLandscapeLeft UIInterfaceOrientationLandscapeRight";
				INFOPLIST_KEY_UISupportedInterfaceOrientations_iPhone = "UIInterfaceOrientationPortrait UIInterfaceOrientationLandscapeLeft UIInterfaceOrientationLandscapeRight";
				LD_RUNPATH_SEARCH_PATHS = (
					"$(inherited)",
					"@executable_path/Frameworks",
				);
				MARKETING_VERSION = 1.0;
				PRODUCT_BUNDLE_IDENTIFIER = "com.Sun.SeSAC-Week6";
				PRODUCT_NAME = "$(TARGET_NAME)";
				SWIFT_EMIT_LOC_STRINGS = YES;
				SWIFT_VERSION = 5.0;
				TARGETED_DEVICE_FAMILY = "1,2";
			};
			name = Debug;
		};
		D8E3AFE52A9309FD00717539 /* Release */ = {
			isa = XCBuildConfiguration;
			buildSettings = {
				ASSETCATALOG_COMPILER_APPICON_NAME = AppIcon;
				ASSETCATALOG_COMPILER_GLOBAL_ACCENT_COLOR_NAME = AccentColor;
				CODE_SIGN_STYLE = Automatic;
				CURRENT_PROJECT_VERSION = 1;
				DEVELOPMENT_TEAM = AM9D6522QR;
				GENERATE_INFOPLIST_FILE = YES;
				INFOPLIST_FILE = SeSAC_Week6/Info.plist;
				INFOPLIST_KEY_UIApplicationSupportsIndirectInputEvents = YES;
				INFOPLIST_KEY_UILaunchStoryboardName = LaunchScreen;
				INFOPLIST_KEY_UIMainStoryboardFile = Main;
				INFOPLIST_KEY_UISupportedInterfaceOrientations_iPad = "UIInterfaceOrientationPortrait UIInterfaceOrientationPortraitUpsideDown UIInterfaceOrientationLandscapeLeft UIInterfaceOrientationLandscapeRight";
				INFOPLIST_KEY_UISupportedInterfaceOrientations_iPhone = "UIInterfaceOrientationPortrait UIInterfaceOrientationLandscapeLeft UIInterfaceOrientationLandscapeRight";
				LD_RUNPATH_SEARCH_PATHS = (
					"$(inherited)",
					"@executable_path/Frameworks",
				);
				MARKETING_VERSION = 1.0;
				PRODUCT_BUNDLE_IDENTIFIER = "com.Sun.SeSAC-Week6";
				PRODUCT_NAME = "$(TARGET_NAME)";
				SWIFT_EMIT_LOC_STRINGS = YES;
				SWIFT_VERSION = 5.0;
				TARGETED_DEVICE_FAMILY = "1,2";
			};
			name = Release;
		};
/* End XCBuildConfiguration section */

/* Begin XCConfigurationList section */
		D8E3AFCA2A9309FD00717539 /* Build configuration list for PBXProject "SeSAC_Week6" */ = {
			isa = XCConfigurationList;
			buildConfigurations = (
				D8E3AFE12A9309FD00717539 /* Debug */,
				D8E3AFE22A9309FD00717539 /* Release */,
			);
			defaultConfigurationIsVisible = 0;
			defaultConfigurationName = Release;
		};
		D8E3AFE32A9309FD00717539 /* Build configuration list for PBXNativeTarget "SeSAC_Week6" */ = {
			isa = XCConfigurationList;
			buildConfigurations = (
				D8E3AFE42A9309FD00717539 /* Debug */,
				D8E3AFE52A9309FD00717539 /* Release */,
			);
			defaultConfigurationIsVisible = 0;
			defaultConfigurationName = Release;
		};
/* End XCConfigurationList section */

/* Begin XCRemoteSwiftPackageReference section */
		D8E3AFEA2A94460D00717539 /* XCRemoteSwiftPackageReference "SnapKit" */ = {
			isa = XCRemoteSwiftPackageReference;
			repositoryURL = "https://github.com/SnapKit/SnapKit.git";
			requirement = {
				kind = upToNextMajorVersion;
				minimumVersion = 5.0.0;
			};
		};
/* End XCRemoteSwiftPackageReference section */

/* Begin XCSwiftPackageProductDependency section */
		D8E3AFEB2A94460D00717539 /* SnapKit */ = {
			isa = XCSwiftPackageProductDependency;
			package = D8E3AFEA2A94460D00717539 /* XCRemoteSwiftPackageReference "SnapKit" */;
			productName = SnapKit;
		};
/* End XCSwiftPackageProductDependency section */
	};
	rootObject = D8E3AFC72A9309FD00717539 /* Project object */;
}
